
Microsoft Visual Studio Solution File, Format Version 12.00
# Visual Studio Version 17
VisualStudioVersion = 17.14.36408.4 d17.14
MinimumVisualStudioVersion = 10.0.40219.1
Project("{FAE04EC0-301F-11D3-BF4B-00C04F79EFBC}") = "pryOttonelloPalomaCABAÑAS", "pryOttonelloPalomaCABAÑAS\pryOttonelloPalomaCABAÑAS.csproj", "{597CB792-DC26-4030-B62B-136FED6272EB}"
EndProject
Global
	GlobalSection(SolutionConfigurationPlatforms) = preSolution
		Debug|Any CPU = Debug|Any CPU
		Release|Any CPU = Release|Any CPU
	EndGlobalSection
	GlobalSection(ProjectConfigurationPlatforms) = postSolution
		{597CB792-DC26-4030-B62B-136FED6272EB}.Debug|Any CPU.ActiveCfg = Debug|Any CPU
		{597CB792-DC26-4030-B62B-136FED6272EB}.Debug|Any CPU.Build.0 = Debug|Any CPU
		{597CB792-DC26-4030-B62B-136FED6272EB}.Release|Any CPU.ActiveCfg = Release|Any CPU
		{597CB792-DC26-4030-B62B-136FED6272EB}.Release|Any CPU.Build.0 = Release|Any CPU
	EndGlobalSection
	GlobalSection(SolutionProperties) = preSolution
		HideSolutionNode = FALSE
	EndGlobalSection
	GlobalSection(ExtensibilityGlobals) = postSolution
		SolutionGuid = {70BA39FF-3212-4D82-8F77-871B292FBE94}
	EndGlobalSection
EndGlobal
